
Microsoft Visual Studio Solution File, Format Version 12.00
# Visual Studio 2012
Project("{E24C65DC-7377-472B-9ABA-BC803B73C61A}") = "Hello World", ".", "{D9B4107A-570E-44D6-8064-5C73B97CE761}"
	ProjectSection(WebsiteProperties) = preProject
		TargetFrameworkMoniker = ".NETFramework,Version%3Dv4.0"
		Debug.AspNetCompiler.VirtualPath = "/Hello World"
		Debug.AspNetCompiler.PhysicalPath = "..\Hello World\"
		Debug.AspNetCompiler.TargetPath = "PrecompiledWeb\Hello World\"
		Debug.AspNetCompiler.Updateable = "true"
		Debug.AspNetCompiler.ForceOverwrite = "true"
		Debug.AspNetCompiler.FixedNames = "false"
		Debug.AspNetCompiler.Debug = "True"
		Release.AspNetCompiler.VirtualPath = "/Hello World"
		Release.AspNetCompiler.PhysicalPath = "..\Hello World\"
		Release.AspNetCompiler.TargetPath = "PrecompiledWeb\Hello World\"
		Release.AspNetCompiler.Updateable = "true"
		Release.AspNetCompiler.ForceOverwrite = "true"
		Release.AspNetCompiler.FixedNames = "false"
		Release.AspNetCompiler.Debug = "False"
		VWDPort = "50420"
	EndProjectSection
EndProject
Global
	GlobalSection(SolutionConfigurationPlatforms) = preSolution
		Debug|Any CPU = Debug|Any CPU
	EndGlobalSection
	GlobalSection(ProjectConfigurationPlatforms) = postSolution
		{D9B4107A-570E-44D6-8064-5C73B97CE761}.Debug|Any CPU.ActiveCfg = Debug|Any CPU
		{D9B4107A-570E-44D6-8064-5C73B97CE761}.Debug|Any CPU.Build.0 = Debug|Any CPU
	EndGlobalSection
	GlobalSection(SolutionProperties) = preSolution
		HideSolutionNode = FALSE
	EndGlobalSection
EndGlobal
